
Microsoft Visual Studio Solution File, Format Version 12.00
# Visual Studio Version 17
VisualStudioVersion = 17.11.35222.181
MinimumVisualStudioVersion = 10.0.40219.1
Project("{9A19103F-16F7-4668-BE54-9A1E7A4F7556}") = "NTierArchitecture.Entities", "NTierArchitecture.Entities\NTierArchitecture.Entities.csproj", "{550A6E56-18EB-42C0-8DAA-A9A2AC4AC2CB}"
EndProject
Project("{9A19103F-16F7-4668-BE54-9A1E7A4F7556}") = "NTierArchitecture.DataAccess", "NTierArchitecture.DataAccess\NTierArchitecture.DataAccess.csproj", "{8DF93625-E887-4ED7-9602-2B99B3082960}"
EndProject
Project("{9A19103F-16F7-4668-BE54-9A1E7A4F7556}") = "NTierArchitecture.Business", "NTierArchitecture.Business\NTierArchitecture.Business.csproj", "{96897510-AE52-4A0B-8E80-0EDF1A0C6E65}"
EndProject
Project("{FAE04EC0-301F-11D3-BF4B-00C04F79EFBC}") = "NTierArchitecture.WebApi", "NTierArchitecture.WebApi\NTierArchitecture.WebApi.csproj", "{04F07DB7-8193-44E7-9A06-CAB6FC35292C}"
EndProject
Global
	GlobalSection(SolutionConfigurationPlatforms) = preSolution
		Debug|Any CPU = Debug|Any CPU
		Release|Any CPU = Release|Any CPU
	EndGlobalSection
	GlobalSection(ProjectConfigurationPlatforms) = postSolution
		{550A6E56-18EB-42C0-8DAA-A9A2AC4AC2CB}.Debug|Any CPU.ActiveCfg = Debug|Any CPU
		{550A6E56-18EB-42C0-8DAA-A9A2AC4AC2CB}.Debug|Any CPU.Build.0 = Debug|Any CPU
		{550A6E56-18EB-42C0-8DAA-A9A2AC4AC2CB}.Release|Any CPU.ActiveCfg = Release|Any CPU
		{550A6E56-18EB-42C0-8DAA-A9A2AC4AC2CB}.Release|Any CPU.Build.0 = Release|Any CPU
		{8DF93625-E887-4ED7-9602-2B99B3082960}.Debug|Any CPU.ActiveCfg = Debug|Any CPU
		{8DF93625-E887-4ED7-9602-2B99B3082960}.Debug|Any CPU.Build.0 = Debug|Any CPU
		{8DF93625-E887-4ED7-9602-2B99B3082960}.Release|Any CPU.ActiveCfg = Release|Any CPU
		{8DF93625-E887-4ED7-9602-2B99B3082960}.Release|Any CPU.Build.0 = Release|Any CPU
		{96897510-AE52-4A0B-8E80-0EDF1A0C6E65}.Debug|Any CPU.ActiveCfg = Debug|Any CPU
		{96897510-AE52-4A0B-8E80-0EDF1A0C6E65}.Debug|Any CPU.Build.0 = Debug|Any CPU
		{96897510-AE52-4A0B-8E80-0EDF1A0C6E65}.Release|Any CPU.ActiveCfg = Release|Any CPU
		{96897510-AE52-4A0B-8E80-0EDF1A0C6E65}.Release|Any CPU.Build.0 = Release|Any CPU
		{04F07DB7-8193-44E7-9A06-CAB6FC35292C}.Debug|Any CPU.ActiveCfg = Debug|Any CPU
		{04F07DB7-8193-44E7-9A06-CAB6FC35292C}.Debug|Any CPU.Build.0 = Debug|Any CPU
		{04F07DB7-8193-44E7-9A06-CAB6FC35292C}.Release|Any CPU.ActiveCfg = Release|Any CPU
		{04F07DB7-8193-44E7-9A06-CAB6FC35292C}.Release|Any CPU.Build.0 = Release|Any CPU
	EndGlobalSection
	GlobalSection(SolutionProperties) = preSolution
		HideSolutionNode = FALSE
	EndGlobalSection
	GlobalSection(ExtensibilityGlobals) = postSolution
		SolutionGuid = {4466F73A-1168-4BE8-9969-74F2B68E377B}
	EndGlobalSection
EndGlobal
